
Microsoft Visual Studio Solution File, Format Version 12.00
# Visual Studio 15
VisualStudioVersion = 15.0.28307.779
MinimumVisualStudioVersion = 10.0.40219.1
Project("{FAE04EC0-301F-11D3-BF4B-00C04F79EFBC}") = "LEDMaster", "LEDMaster\LEDMaster.csproj", "{EE24E008-B23C-4732-80B9-62474A736A56}"
EndProject
Global
	GlobalSection(SolutionConfigurationPlatforms) = preSolution
		Debug|Any CPU = Debug|Any CPU
		Release|Any CPU = Release|Any CPU
	EndGlobalSection
	GlobalSection(ProjectConfigurationPlatforms) = postSolution
		{EE24E008-B23C-4732-80B9-62474A736A56}.Debug|Any CPU.ActiveCfg = Debug|Any CPU
		{EE24E008-B23C-4732-80B9-62474A736A56}.Debug|Any CPU.Build.0 = Debug|Any CPU
		{EE24E008-B23C-4732-80B9-62474A736A56}.Release|Any CPU.ActiveCfg = Release|Any CPU
		{EE24E008-B23C-4732-80B9-62474A736A56}.Release|Any CPU.Build.0 = Release|Any CPU
	EndGlobalSection
	GlobalSection(SolutionProperties) = preSolution
		HideSolutionNode = FALSE
	EndGlobalSection
	GlobalSection(ExtensibilityGlobals) = postSolution
		SolutionGuid = {50FEA1E7-C75F-4859-B1BB-EFC034F6FEA9}
	EndGlobalSection
EndGlobal
